
Microsoft Visual Studio Solution File, Format Version 12.00
# Visual Studio 15
VisualStudioVersion = 15.0.28010.2026
MinimumVisualStudioVersion = 10.0.40219.1
Project("{FAE04EC0-301F-11D3-BF4B-00C04F79EFBC}") = "pkmn-web-app", "pkmn-web-app\pkmn-web-app.csproj", "{2F18E589-43E1-4A4E-941F-33938C1B9BDB}"
EndProject
Global
	GlobalSection(SolutionConfigurationPlatforms) = preSolution
		Debug|Any CPU = Debug|Any CPU
		Release|Any CPU = Release|Any CPU
	EndGlobalSection
	GlobalSection(ProjectConfigurationPlatforms) = postSolution
		{2F18E589-43E1-4A4E-941F-33938C1B9BDB}.Debug|Any CPU.ActiveCfg = Debug|Any CPU
		{2F18E589-43E1-4A4E-941F-33938C1B9BDB}.Debug|Any CPU.Build.0 = Debug|Any CPU
		{2F18E589-43E1-4A4E-941F-33938C1B9BDB}.Release|Any CPU.ActiveCfg = Release|Any CPU
		{2F18E589-43E1-4A4E-941F-33938C1B9BDB}.Release|Any CPU.Build.0 = Release|Any CPU
	EndGlobalSection
	GlobalSection(SolutionProperties) = preSolution
		HideSolutionNode = FALSE
	EndGlobalSection
	GlobalSection(ExtensibilityGlobals) = postSolution
		SolutionGuid = {8BE39416-337F-4197-BDAB-D602033D7D71}
	EndGlobalSection
EndGlobal
